PODS:
  - Alamofire (4.6.0)
  - ObjectMapper (3.1.0)
  - SDWebImage (4.2.3):
    - SDWebImage/Core (= 4.2.3)
  - SDWebImage/Core (4.2.3)

DEPENDENCIES:
  - Alamofire (~> 4.5)
  - ObjectMapper (~> 3.1)
  - SDWebImage (~> 4.2.3)

SPEC CHECKSUMS:
  Alamofire: f41a599bd63041760b26d393ec1069d9d7b917f4
  ObjectMapper: 20505058f54e5c3ca69e1d6de9897d152a5369a6
  SDWebImage: 791bb72962b3492327ddcac4b1880bd1b5458431

PODFILE CHECKSUM: f0b77aa865d48fa1e7dcfd5b236c9461a27a21cf

COCOAPODS: 1.3.1
