// !$*UTF8*$!
{
	archiveVersion = 1;
	classes = {
	};
	objectVersion = 48;
	objects = {

/* Begin PBXBuildFile section */
		8F0D2DA319ADFBAC93253D59 /* Pods_SteemitAppWidget.framework in Frameworks */ = {isa = PBXBuildFile; fileRef = 852814DD7BACC71EFCEBA815 /* Pods_SteemitAppWidget.framework */; };
		ABFFC2526324D20A127D4979 /* Pods_SteemitApp.framework in Frameworks */ = {isa = PBXBuildFile; fileRef = 5CEC947916BFFF1BA92135A0 /* Pods_SteemitApp.framework */; };
		C00B710E202E45DE00219433 /* PostHistoryWebViewController.swift in Sources */ = {isa = PBXBuildFile; fileRef = C00B710D202E45DE00219433 /* PostHistoryWebViewController.swift */; };
		C03D22C02032180B0077F1F5 /* Info.plist in Resources */ = {isa = PBXBuildFile; fileRef = C03D22BF2032180A0077F1F5 /* Info.plist */; };
		C03D22C2203218A50077F1F5 /* GoogleService-Info.plist in Resources */ = {isa = PBXBuildFile; fileRef = C03D22C1203218A50077F1F5 /* GoogleService-Info.plist */; };
		C0420037201E04A700311654 /* FollowersViewControllerTableViewExtension.swift in Sources */ = {isa = PBXBuildFile; fileRef = C0420036201E04A700311654 /* FollowersViewControllerTableViewExtension.swift */; };
		C042003A201E0F2000311654 /* FollowerTableViewCell.swift in Sources */ = {isa = PBXBuildFile; fileRef = C0420038201E0F2000311654 /* FollowerTableViewCell.swift */; };
		C042003B201E0F2000311654 /* FollowerTableViewCell.xib in Resources */ = {isa = PBXBuildFile; fileRef = C0420039201E0F2000311654 /* FollowerTableViewCell.xib */; };
		C048DE5A2031B13E0070C5D5 /* NetworkManagerTests.swift in Sources */ = {isa = PBXBuildFile; fileRef = C048DE592031B13E0070C5D5 /* NetworkManagerTests.swift */; };
		C055BDBF2026049E002CFFDE /* PostHistoryModel.swift in Sources */ = {isa = PBXBuildFile; fileRef = C055BDBE2026049E002CFFDE /* PostHistoryModel.swift */; };
		C055BDC2202608B5002CFFDE /* PostHistoryViewController.swift in Sources */ = {isa = PBXBuildFile; fileRef = C055BDC1202608B5002CFFDE /* PostHistoryViewController.swift */; };
		C055BDC5202676A1002CFFDE /* DayValueXAxisFormatter.swift in Sources */ = {isa = PBXBuildFile; fileRef = C055BDC4202676A1002CFFDE /* DayValueXAxisFormatter.swift */; };
		C062EF472003649500B9C3D2 /* InfoViewController.swift in Sources */ = {isa = PBXBuildFile; fileRef = C062EF462003649500B9C3D2 /* InfoViewController.swift */; };
		C062EF49200364A900B9C3D2 /* NetworkManager.swift in Sources */ = {isa = PBXBuildFile; fileRef = C062EF48200364A900B9C3D2 /* NetworkManager.swift */; };
		C062EF4B200364B800B9C3D2 /* Home.storyboard in Resources */ = {isa = PBXBuildFile; fileRef = C062EF4A200364B800B9C3D2 /* Home.storyboard */; };
		C062EF4E200364EB00B9C3D2 /* BaseViewController.swift in Sources */ = {isa = PBXBuildFile; fileRef = C062EF4D200364EB00B9C3D2 /* BaseViewController.swift */; };
		C062EF502003650F00B9C3D2 /* BaseNetwork.swift in Sources */ = {isa = PBXBuildFile; fileRef = C062EF4F2003650F00B9C3D2 /* BaseNetwork.swift */; };
		C062EF5320036ACF00B9C3D2 /* CoinModel.swift in Sources */ = {isa = PBXBuildFile; fileRef = C062EF5220036ACF00B9C3D2 /* CoinModel.swift */; };
		C062EF5620038FE500B9C3D2 /* DateExtension.swift in Sources */ = {isa = PBXBuildFile; fileRef = C062EF5520038FE500B9C3D2 /* DateExtension.swift */; };
		C062EF592003968500B9C3D2 /* CoinTypes.swift in Sources */ = {isa = PBXBuildFile; fileRef = C062EF582003968500B9C3D2 /* CoinTypes.swift */; };
		C062EF5B2003A89100B9C3D2 /* UserGlobals.swift in Sources */ = {isa = PBXBuildFile; fileRef = C062EF5A2003A89100B9C3D2 /* UserGlobals.swift */; };
		C062EF5D2003B06600B9C3D2 /* CurrencyTypes.swift in Sources */ = {isa = PBXBuildFile; fileRef = C062EF5C2003B06600B9C3D2 /* CurrencyTypes.swift */; };
		C062EF5F2003B10200B9C3D2 /* TextChanger.swift in Sources */ = {isa = PBXBuildFile; fileRef = C062EF5E2003B10200B9C3D2 /* TextChanger.swift */; };
		C062EF612003B31500B9C3D2 /* SearchViewController.swift in Sources */ = {isa = PBXBuildFile; fileRef = C062EF602003B31500B9C3D2 /* SearchViewController.swift */; };
		C062EF632003B6EE00B9C3D2 /* UserModel.swift in Sources */ = {isa = PBXBuildFile; fileRef = C062EF622003B6EE00B9C3D2 /* UserModel.swift */; };
		C0656515202CC08C005F9089 /* PostContentTableViewCell.swift in Sources */ = {isa = PBXBuildFile; fileRef = C0656513202CC08C005F9089 /* PostContentTableViewCell.swift */; };
		C0656516202CC08C005F9089 /* PostContentTableViewCell.xib in Resources */ = {isa = PBXBuildFile; fileRef = C0656514202CC08C005F9089 /* PostContentTableViewCell.xib */; };
		C066E6F62034D6A200B7AB05 /* SteemitAccount.json in Resources */ = {isa = PBXBuildFile; fileRef = C066E6F52034D6A200B7AB05 /* SteemitAccount.json */; };
		C066E6F82034DC9700B7AB05 /* SteemitAccountFollowerAndFollowingCount.json in Resources */ = {isa = PBXBuildFile; fileRef = C066E6F72034DC9700B7AB05 /* SteemitAccountFollowerAndFollowingCount.json */; };
		C066E6FC2034DFC900B7AB05 /* SteemitAccountFollowingList.json in Resources */ = {isa = PBXBuildFile; fileRef = C066E6FB2034DFC900B7AB05 /* SteemitAccountFollowingList.json */; };
		C066E7022034E24700B7AB05 /* SteemitAccountPostsHistory.json in Resources */ = {isa = PBXBuildFile; fileRef = C066E7012034E24700B7AB05 /* SteemitAccountPostsHistory.json */; };
		C066E7052034E4CA00B7AB05 /* ModelTests.swift in Sources */ = {isa = PBXBuildFile; fileRef = C066E7042034E4CA00B7AB05 /* ModelTests.swift */; };
		C073B1802022F26E00598305 /* TagHistoryModel.swift in Sources */ = {isa = PBXBuildFile; fileRef = C073B17F2022F26E00598305 /* TagHistoryModel.swift */; };
		C07C623D202A21AB004A5378 /* PostHistoryContentsViewController.swift in Sources */ = {isa = PBXBuildFile; fileRef = C07C623C202A21AB004A5378 /* PostHistoryContentsViewController.swift */; };
		C07C6240202A2900004A5378 /* PostHistoryContentsTableViewController.swift in Sources */ = {isa = PBXBuildFile; fileRef = C07C623F202A2900004A5378 /* PostHistoryContentsTableViewController.swift */; };
		C091EE352019D8710010209F /* FollowersViewController.swift in Sources */ = {isa = PBXBuildFile; fileRef = C091EE342019D8710010209F /* FollowersViewController.swift */; };
		C091EE372019DA120010209F /* Follower.storyboard in Resources */ = {isa = PBXBuildFile; fileRef = C091EE362019DA120010209F /* Follower.storyboard */; };
		C0ADEB712020E85B0053C3BF /* Information.storyboard in Resources */ = {isa = PBXBuildFile; fileRef = C0ADEB702020E85B0053C3BF /* Information.storyboard */; };
		C0ADEB742020E8E70053C3BF /* OptionsViewController.swift in Sources */ = {isa = PBXBuildFile; fileRef = C0ADEB732020E8E70053C3BF /* OptionsViewController.swift */; };
		C0ADEB762020EA290053C3BF /* OptionsViewControllerTableViewExtension.swift in Sources */ = {isa = PBXBuildFile; fileRef = C0ADEB752020EA290053C3BF /* OptionsViewControllerTableViewExtension.swift */; };
		C0ADEB792020EBDE0053C3BF /* OptionModel.swift in Sources */ = {isa = PBXBuildFile; fileRef = C0ADEB782020EBDE0053C3BF /* OptionModel.swift */; };
		C0ADEB7C2020F7B80053C3BF /* History.storyboard in Resources */ = {isa = PBXBuildFile; fileRef = C0ADEB7B2020F7B80053C3BF /* History.storyboard */; };
		C0ADEB7F2020F7F60053C3BF /* TagHistoryViewController.swift in Sources */ = {isa = PBXBuildFile; fileRef = C0ADEB7E2020F7F60053C3BF /* TagHistoryViewController.swift */; };
		C0B899DF2014A03800A45554 /* FavoriteUsersViewController.swift in Sources */ = {isa = PBXBuildFile; fileRef = C0B899DE2014A03800A45554 /* FavoriteUsersViewController.swift */; };
		C0B899E12014A78B00A45554 /* UIColorExtension.swift in Sources */ = {isa = PBXBuildFile; fileRef = C0B899E02014A78B00A45554 /* UIColorExtension.swift */; };
		C0B899E52014C0CC00A45554 /* FavoriteUsersTableViewExtension.swift in Sources */ = {isa = PBXBuildFile; fileRef = C0B899E42014C0CC00A45554 /* FavoriteUsersTableViewExtension.swift */; };
		C0B899E92014C15100A45554 /* FavoriteTableViewCell.swift in Sources */ = {isa = PBXBuildFile; fileRef = C0B899E72014C15100A45554 /* FavoriteTableViewCell.swift */; };
		C0B899EA2014C15100A45554 /* FavoriteTableViewCell.xib in Resources */ = {isa = PBXBuildFile; fileRef = C0B899E82014C15100A45554 /* FavoriteTableViewCell.xib */; };
		C0B899EC2014D21600A45554 /* Helpers.swift in Sources */ = {isa = PBXBuildFile; fileRef = C0B899EB2014D21600A45554 /* Helpers.swift */; };
		C0B899EE2014D3F500A45554 /* TodayViewControllerTableViewExtension.swift in Sources */ = {isa = PBXBuildFile; fileRef = C0B899ED2014D3F500A45554 /* TodayViewControllerTableViewExtension.swift */; };
		C0B899F32014D47700A45554 /* UserModel.swift in Sources */ = {isa = PBXBuildFile; fileRef = C0B899F22014D47700A45554 /* UserModel.swift */; };
		C0B899F52014E5D900A45554 /* InfosTableViewCell.swift in Sources */ = {isa = PBXBuildFile; fileRef = C0B899F42014E5D900A45554 /* InfosTableViewCell.swift */; };
		C0BD90432023A329009B58E7 /* ThoButton.swift in Sources */ = {isa = PBXBuildFile; fileRef = C0BD90422023A329009B58E7 /* ThoButton.swift */; };
		C0CDD8F02028730E004C8A28 /* ThoLabel.swift in Sources */ = {isa = PBXBuildFile; fileRef = C0CDD8EF2028730E004C8A28 /* ThoLabel.swift */; };
		C0E56AE7202D9B7B00E0A249 /* BaseNavigationViewController.swift in Sources */ = {isa = PBXBuildFile; fileRef = C0E56AE6202D9B7B00E0A249 /* BaseNavigationViewController.swift */; };
		C0E56AE9202DA26600E0A249 /* BaseTabBarViewController.swift in Sources */ = {isa = PBXBuildFile; fileRef = C0E56AE8202DA26600E0A249 /* BaseTabBarViewController.swift */; };
		C0E56AEB202DA45100E0A249 /* UIImageExtension.swift in Sources */ = {isa = PBXBuildFile; fileRef = C0E56AEA202DA45100E0A249 /* UIImageExtension.swift */; };
		C0F8BF182004FBFB009C1585 /* PopupManager.swift in Sources */ = {isa = PBXBuildFile; fileRef = C0F8BF172004FBFB009C1585 /* PopupManager.swift */; };
		C0F8BF1A200503B2009C1585 /* UIViewExtension.swift in Sources */ = {isa = PBXBuildFile; fileRef = C0F8BF19200503B2009C1585 /* UIViewExtension.swift */; };
		C0F8BF2220063807009C1585 /* NotificationCenter.framework in Frameworks */ = {isa = PBXBuildFile; fileRef = C0F8BF2120063807009C1585 /* NotificationCenter.framework */; };
		C0F8BF2520063807009C1585 /* TodayViewController.swift in Sources */ = {isa = PBXBuildFile; fileRef = C0F8BF2420063807009C1585 /* TodayViewController.swift */; };
		C0F8BF2820063807009C1585 /* MainInterface.storyboard in Resources */ = {isa = PBXBuildFile; fileRef = C0F8BF2620063807009C1585 /* MainInterface.storyboard */; };
		C0F8BF2C20063807009C1585 /* SteemitAppWidget.appex in Embed App Extensions */ = {isa = PBXBuildFile; fileRef = C0F8BF2020063807009C1585 /* SteemitAppWidget.appex */; settings = {ATTRIBUTES = (RemoveHeadersOnCopy, ); }; };
		C0FBCA642001288C0098633F /* AppDelegate.swift in Sources */ = {isa = PBXBuildFile; fileRef = C0FBCA632001288C0098633F /* AppDelegate.swift */; };
		C0FBCA6B2001288C0098633F /* Assets.xcassets in Resources */ = {isa = PBXBuildFile; fileRef = C0FBCA6A2001288C0098633F /* Assets.xcassets */; };
		C0FBCA6E2001288C0098633F /* LaunchScreen.storyboard in Resources */ = {isa = PBXBuildFile; fileRef = C0FBCA6C2001288C0098633F /* LaunchScreen.storyboard */; };
		D51D139E6E6D49F559E93863 /* Pods_SteemitAppTests.framework in Frameworks */ = {isa = PBXBuildFile; fileRef = 0ECEF90FB8D479C22D812E9F /* Pods_SteemitAppTests.framework */; };
/* End PBXBuildFile section */

/* Begin PBXContainerItemProxy section */
		C048DE5C2031B13E0070C5D5 /* PBXContainerItemProxy */ = {
			isa = PBXContainerItemProxy;
			containerPortal = C0FBCA582001288C0098633F /* Project object */;
			proxyType = 1;
			remoteGlobalIDString = C0FBCA5F2001288C0098633F;
			remoteInfo = SteemitApp;
		};
		C0F8BF2A20063807009C1585 /* PBXContainerItemProxy */ = {
			isa = PBXContainerItemProxy;
			containerPortal = C0FBCA582001288C0098633F /* Project object */;
			proxyType = 1;
			remoteGlobalIDString = C0F8BF1F20063807009C1585;
			remoteInfo = SteemitAppWidget;
		};
/* End PBXContainerItemProxy section */

/* Begin PBXCopyFilesBuildPhase section */
		C0F8BF3020063807009C1585 /* Embed App Extensions */ = {
			isa = PBXCopyFilesBuildPhase;
			buildActionMask = 2147483647;
			dstPath = "";
			dstSubfolderSpec = 13;
			files = (
				C0F8BF2C20063807009C1585 /* SteemitAppWidget.appex in Embed App Extensions */,
			);
			name = "Embed App Extensions";
			runOnlyForDeploymentPostprocessing = 0;
		};
/* End PBXCopyFilesBuildPhase section */

/* Begin PBXFileReference section */
		0ECEF90FB8D479C22D812E9F /* Pods_SteemitAppTests.framework */ = {isa = PBXFileReference; explicitFileType = wrapper.framework; includeInIndex = 0; path = Pods_SteemitAppTests.framework; sourceTree = BUILT_PRODUCTS_DIR; };
		27BF7076AEE3214DC3D50282 /* Pods-SteemitApp.debug.xcconfig */ = {isa = PBXFileReference; includeInIndex = 1; lastKnownFileType = text.xcconfig; name = "Pods-SteemitApp.debug.xcconfig"; path = "Pods/Target Support Files/Pods-SteemitApp/Pods-SteemitApp.debug.xcconfig"; sourceTree = "<group>"; };
		3BE005DEA10862922C2D2F66 /* Pods-SteemitAppTests.debug.xcconfig */ = {isa = PBXFileReference; includeInIndex = 1; lastKnownFileType = text.xcconfig; name = "Pods-SteemitAppTests.debug.xcconfig"; path = "Pods/Target Support Files/Pods-SteemitAppTests/Pods-SteemitAppTests.debug.xcconfig"; sourceTree = "<group>"; };
		48F10E37E9A471DBBEE6AB16 /* Pods-SteemitAppWidget.release.xcconfig */ = {isa = PBXFileReference; includeInIndex = 1; lastKnownFileType = text.xcconfig; name = "Pods-SteemitAppWidget.release.xcconfig"; path = "Pods/Target Support Files/Pods-SteemitAppWidget/Pods-SteemitAppWidget.release.xcconfig"; sourceTree = "<group>"; };
		4BAC1CF9A2001BC21835FB2D /* Pods-SteemitAppTests.release.xcconfig */ = {isa = PBXFileReference; includeInIndex = 1; lastKnownFileType = text.xcconfig; name = "Pods-SteemitAppTests.release.xcconfig"; path = "Pods/Target Support Files/Pods-SteemitAppTests/Pods-SteemitAppTests.release.xcconfig"; sourceTree = "<group>"; };
		5CEC947916BFFF1BA92135A0 /* Pods_SteemitApp.framework */ = {isa = PBXFileReference; explicitFileType = wrapper.framework; includeInIndex = 0; path = Pods_SteemitApp.framework; sourceTree = BUILT_PRODUCTS_DIR; };
		852814DD7BACC71EFCEBA815 /* Pods_SteemitAppWidget.framework */ = {isa = PBXFileReference; explicitFileType = wrapper.framework; includeInIndex = 0; path = Pods_SteemitAppWidget.framework; sourceTree = BUILT_PRODUCTS_DIR; };
		C0007AF82013A40700C533F7 /* Alamofire.framework */ = {isa = PBXFileReference; explicitFileType = wrapper.framework; path = Alamofire.framework; sourceTree = BUILT_PRODUCTS_DIR; };
		C00B710D202E45DE00219433 /* PostHistoryWebViewController.swift */ = {isa = PBXFileReference; lastKnownFileType = sourcecode.swift; path = PostHistoryWebViewController.swift; sourceTree = "<group>"; };
		C03D22BF2032180A0077F1F5 /* Info.plist */ = {isa = PBXFileReference; fileEncoding = 4; lastKnownFileType = text.plist.xml; path = Info.plist; sourceTree = "<group>"; };
		C03D22C1203218A50077F1F5 /* GoogleService-Info.plist */ = {isa = PBXFileReference; fileEncoding = 4; lastKnownFileType = text.plist.xml; path = "GoogleService-Info.plist"; sourceTree = "<group>"; };
		C0420036201E04A700311654 /* FollowersViewControllerTableViewExtension.swift */ = {isa = PBXFileReference; lastKnownFileType = sourcecode.swift; path = FollowersViewControllerTableViewExtension.swift; sourceTree = "<group>"; };
		C0420038201E0F2000311654 /* FollowerTableViewCell.swift */ = {isa = PBXFileReference; lastKnownFileType = sourcecode.swift; path = FollowerTableViewCell.swift; sourceTree = "<group>"; };
		C0420039201E0F2000311654 /* FollowerTableViewCell.xib */ = {isa = PBXFileReference; lastKnownFileType = file.xib; path = FollowerTableViewCell.xib; sourceTree = "<group>"; };
		C048DE572031B13E0070C5D5 /* SteemitAppTests.xctest */ = {isa = PBXFileReference; explicitFileType = wrapper.cfbundle; includeInIndex = 0; path = SteemitAppTests.xctest; sourceTree = BUILT_PRODUCTS_DIR; };
		C048DE592031B13E0070C5D5 /* NetworkManagerTests.swift */ = {isa = PBXFileReference; lastKnownFileType = sourcecode.swift; path = NetworkManagerTests.swift; sourceTree = "<group>"; };
		C048DE5B2031B13E0070C5D5 /* Info.plist */ = {isa = PBXFileReference; lastKnownFileType = text.plist.xml; path = Info.plist; sourceTree = "<group>"; };
		C055BDBE2026049E002CFFDE /* PostHistoryModel.swift */ = {isa = PBXFileReference; lastKnownFileType = sourcecode.swift; path = PostHistoryModel.swift; sourceTree = "<group>"; };
		C055BDC1202608B5002CFFDE /* PostHistoryViewController.swift */ = {isa = PBXFileReference; lastKnownFileType = sourcecode.swift; path = PostHistoryViewController.swift; sourceTree = "<group>"; };
		C055BDC4202676A1002CFFDE /* DayValueXAxisFormatter.swift */ = {isa = PBXFileReference; lastKnownFileType = sourcecode.swift; path = DayValueXAxisFormatter.swift; sourceTree = "<group>"; };
		C062EF462003649500B9C3D2 /* InfoViewController.swift */ = {isa = PBXFileReference; lastKnownFileType = sourcecode.swift; path = InfoViewController.swift; sourceTree = "<group>"; };
		C062EF48200364A900B9C3D2 /* NetworkManager.swift */ = {isa = PBXFileReference; lastKnownFileType = sourcecode.swift; path = NetworkManager.swift; sourceTree = "<group>"; };
		C062EF4A200364B800B9C3D2 /* Home.storyboard */ = {isa = PBXFileReference; lastKnownFileType = file.storyboard; path = Home.storyboard; sourceTree = "<group>"; };
		C062EF4D200364EB00B9C3D2 /* BaseViewController.swift */ = {isa = PBXFileReference; lastKnownFileType = sourcecode.swift; path = BaseViewController.swift; sourceTree = "<group>"; };
		C062EF4F2003650F00B9C3D2 /* BaseNetwork.swift */ = {isa = PBXFileReference; lastKnownFileType = sourcecode.swift; path = BaseNetwork.swift; sourceTree = "<group>"; };
		C062EF5220036ACF00B9C3D2 /* CoinModel.swift */ = {isa = PBXFileReference; lastKnownFileType = sourcecode.swift; path = CoinModel.swift; sourceTree = "<group>"; };
		C062EF5520038FE500B9C3D2 /* DateExtension.swift */ = {isa = PBXFileReference; lastKnownFileType = sourcecode.swift; path = DateExtension.swift; sourceTree = "<group>"; };
		C062EF582003968500B9C3D2 /* CoinTypes.swift */ = {isa = PBXFileReference; lastKnownFileType = sourcecode.swift; path = CoinTypes.swift; sourceTree = "<group>"; };
		C062EF5A2003A89100B9C3D2 /* UserGlobals.swift */ = {isa = PBXFileReference; lastKnownFileType = sourcecode.swift; path = UserGlobals.swift; sourceTree = "<group>"; };
		C062EF5C2003B06600B9C3D2 /* CurrencyTypes.swift */ = {isa = PBXFileReference; lastKnownFileType = sourcecode.swift; path = CurrencyTypes.swift; sourceTree = "<group>"; };
		C062EF5E2003B10200B9C3D2 /* TextChanger.swift */ = {isa = PBXFileReference; lastKnownFileType = sourcecode.swift; path = TextChanger.swift; sourceTree = "<group>"; };
		C062EF602003B31500B9C3D2 /* SearchViewController.swift */ = {isa = PBXFileReference; lastKnownFileType = sourcecode.swift; path = SearchViewController.swift; sourceTree = "<group>"; };
		C062EF622003B6EE00B9C3D2 /* UserModel.swift */ = {isa = PBXFileReference; lastKnownFileType = sourcecode.swift; path = UserModel.swift; sourceTree = "<group>"; };
		C0656513202CC08C005F9089 /* PostContentTableViewCell.swift */ = {isa = PBXFileReference; lastKnownFileType = sourcecode.swift; path = PostContentTableViewCell.swift; sourceTree = "<group>"; };
		C0656514202CC08C005F9089 /* PostContentTableViewCell.xib */ = {isa = PBXFileReference; lastKnownFileType = file.xib; path = PostContentTableViewCell.xib; sourceTree = "<group>"; };
		C066E6F52034D6A200B7AB05 /* SteemitAccount.json */ = {isa = PBXFileReference; lastKnownFileType = text.json; path = SteemitAccount.json; sourceTree = "<group>"; };
		C066E6F72034DC9700B7AB05 /* SteemitAccountFollowerAndFollowingCount.json */ = {isa = PBXFileReference; lastKnownFileType = text.json; path = SteemitAccountFollowerAndFollowingCount.json; sourceTree = "<group>"; };
		C066E6FB2034DFC900B7AB05 /* SteemitAccountFollowingList.json */ = {isa = PBXFileReference; lastKnownFileType = text.json; path = SteemitAccountFollowingList.json; sourceTree = "<group>"; };
		C066E7012034E24700B7AB05 /* SteemitAccountPostsHistory.json */ = {isa = PBXFileReference; lastKnownFileType = text.json; path = SteemitAccountPostsHistory.json; sourceTree = "<group>"; };
		C066E7042034E4CA00B7AB05 /* ModelTests.swift */ = {isa = PBXFileReference; lastKnownFileType = sourcecode.swift; path = ModelTests.swift; sourceTree = "<group>"; };
		C073B17F2022F26E00598305 /* TagHistoryModel.swift */ = {isa = PBXFileReference; lastKnownFileType = sourcecode.swift; path = TagHistoryModel.swift; sourceTree = "<group>"; };
		C07C623C202A21AB004A5378 /* PostHistoryContentsViewController.swift */ = {isa = PBXFileReference; lastKnownFileType = sourcecode.swift; path = PostHistoryContentsViewController.swift; sourceTree = "<group>"; };
		C07C623F202A2900004A5378 /* PostHistoryContentsTableViewController.swift */ = {isa = PBXFileReference; lastKnownFileType = sourcecode.swift; path = PostHistoryContentsTableViewController.swift; sourceTree = "<group>"; };
		C091EE342019D8710010209F /* FollowersViewController.swift */ = {isa = PBXFileReference; lastKnownFileType = sourcecode.swift; path = FollowersViewController.swift; sourceTree = "<group>"; };
		C091EE362019DA120010209F /* Follower.storyboard */ = {isa = PBXFileReference; lastKnownFileType = file.storyboard; path = Follower.storyboard; sourceTree = "<group>"; };
		C0ADEB702020E85B0053C3BF /* Information.storyboard */ = {isa = PBXFileReference; lastKnownFileType = file.storyboard; path = Information.storyboard; sourceTree = "<group>"; };
		C0ADEB732020E8E70053C3BF /* OptionsViewController.swift */ = {isa = PBXFileReference; lastKnownFileType = sourcecode.swift; path = OptionsViewController.swift; sourceTree = "<group>"; };
		C0ADEB752020EA290053C3BF /* OptionsViewControllerTableViewExtension.swift */ = {isa = PBXFileReference; lastKnownFileType = sourcecode.swift; path = OptionsViewControllerTableViewExtension.swift; sourceTree = "<group>"; };
		C0ADEB782020EBDE0053C3BF /* OptionModel.swift */ = {isa = PBXFileReference; lastKnownFileType = sourcecode.swift; path = OptionModel.swift; sourceTree = "<group>"; };
		C0ADEB7B2020F7B80053C3BF /* History.storyboard */ = {isa = PBXFileReference; lastKnownFileType = file.storyboard; path = History.storyboard; sourceTree = "<group>"; };
		C0ADEB7E2020F7F60053C3BF /* TagHistoryViewController.swift */ = {isa = PBXFileReference; lastKnownFileType = sourcecode.swift; path = TagHistoryViewController.swift; sourceTree = "<group>"; };
		C0B899DE2014A03800A45554 /* FavoriteUsersViewController.swift */ = {isa = PBXFileReference; lastKnownFileType = sourcecode.swift; path = FavoriteUsersViewController.swift; sourceTree = "<group>"; };
		C0B899E02014A78B00A45554 /* UIColorExtension.swift */ = {isa = PBXFileReference; lastKnownFileType = sourcecode.swift; path = UIColorExtension.swift; sourceTree = "<group>"; };
		C0B899E42014C0CC00A45554 /* FavoriteUsersTableViewExtension.swift */ = {isa = PBXFileReference; lastKnownFileType = sourcecode.swift; path = FavoriteUsersTableViewExtension.swift; sourceTree = "<group>"; };
		C0B899E72014C15100A45554 /* FavoriteTableViewCell.swift */ = {isa = PBXFileReference; lastKnownFileType = sourcecode.swift; path = FavoriteTableViewCell.swift; sourceTree = "<group>"; };
		C0B899E82014C15100A45554 /* FavoriteTableViewCell.xib */ = {isa = PBXFileReference; lastKnownFileType = file.xib; path = FavoriteTableViewCell.xib; sourceTree = "<group>"; };
		C0B899EB2014D21600A45554 /* Helpers.swift */ = {isa = PBXFileReference; lastKnownFileType = sourcecode.swift; path = Helpers.swift; sourceTree = "<group>"; };
		C0B899ED2014D3F500A45554 /* TodayViewControllerTableViewExtension.swift */ = {isa = PBXFileReference; lastKnownFileType = sourcecode.swift; path = TodayViewControllerTableViewExtension.swift; sourceTree = "<group>"; };
		C0B899F22014D47700A45554 /* UserModel.swift */ = {isa = PBXFileReference; lastKnownFileType = sourcecode.swift; path = UserModel.swift; sourceTree = "<group>"; };
		C0B899F42014E5D900A45554 /* InfosTableViewCell.swift */ = {isa = PBXFileReference; lastKnownFileType = sourcecode.swift; path = InfosTableViewCell.swift; sourceTree = "<group>"; };
		C0BD90422023A329009B58E7 /* ThoButton.swift */ = {isa = PBXFileReference; lastKnownFileType = sourcecode.swift; path = ThoButton.swift; sourceTree = "<group>"; };
		C0CDD8EF2028730E004C8A28 /* ThoLabel.swift */ = {isa = PBXFileReference; lastKnownFileType = sourcecode.swift; path = ThoLabel.swift; sourceTree = "<group>"; };
		C0E56AE6202D9B7B00E0A249 /* BaseNavigationViewController.swift */ = {isa = PBXFileReference; lastKnownFileType = sourcecode.swift; path = BaseNavigationViewController.swift; sourceTree = "<group>"; };
		C0E56AE8202DA26600E0A249 /* BaseTabBarViewController.swift */ = {isa = PBXFileReference; lastKnownFileType = sourcecode.swift; path = BaseTabBarViewController.swift; sourceTree = "<group>"; };
		C0E56AEA202DA45100E0A249 /* UIImageExtension.swift */ = {isa = PBXFileReference; lastKnownFileType = sourcecode.swift; path = UIImageExtension.swift; sourceTree = "<group>"; };
		C0F8BF172004FBFB009C1585 /* PopupManager.swift */ = {isa = PBXFileReference; lastKnownFileType = sourcecode.swift; path = PopupManager.swift; sourceTree = "<group>"; };
		C0F8BF19200503B2009C1585 /* UIViewExtension.swift */ = {isa = PBXFileReference; lastKnownFileType = sourcecode.swift; path = UIViewExtension.swift; sourceTree = "<group>"; };
		C0F8BF2020063807009C1585 /* SteemitAppWidget.appex */ = {isa = PBXFileReference; explicitFileType = "wrapper.app-extension"; includeInIndex = 0; path = SteemitAppWidget.appex; sourceTree = BUILT_PRODUCTS_DIR; };
		C0F8BF2120063807009C1585 /* NotificationCenter.framework */ = {isa = PBXFileReference; lastKnownFileType = wrapper.framework; name = NotificationCenter.framework; path = System/Library/Frameworks/NotificationCenter.framework; sourceTree = SDKROOT; };
		C0F8BF2420063807009C1585 /* TodayViewController.swift */ = {isa = PBXFileReference; lastKnownFileType = sourcecode.swift; path = TodayViewController.swift; sourceTree = "<group>"; };
		C0F8BF2720063807009C1585 /* Base */ = {isa = PBXFileReference; lastKnownFileType = file.storyboard; name = Base; path = Base.lproj/MainInterface.storyboard; sourceTree = "<group>"; };
		C0F8BF2920063807009C1585 /* Info.plist */ = {isa = PBXFileReference; lastKnownFileType = text.plist.xml; path = Info.plist; sourceTree = "<group>"; };
		C0F8BF3120063B00009C1585 /* SteemitApp.entitlements */ = {isa = PBXFileReference; lastKnownFileType = text.plist.entitlements; path = SteemitApp.entitlements; sourceTree = "<group>"; };
		C0F8BF3220063B11009C1585 /* SteemitAppWidget.entitlements */ = {isa = PBXFileReference; lastKnownFileType = text.plist.entitlements; path = SteemitAppWidget.entitlements; sourceTree = "<group>"; };
		C0FBCA602001288C0098633F /* SteemitApp.app */ = {isa = PBXFileReference; explicitFileType = wrapper.application; includeInIndex = 0; path = SteemitApp.app; sourceTree = BUILT_PRODUCTS_DIR; };
		C0FBCA632001288C0098633F /* AppDelegate.swift */ = {isa = PBXFileReference; lastKnownFileType = sourcecode.swift; path = AppDelegate.swift; sourceTree = "<group>"; };
		C0FBCA6A2001288C0098633F /* Assets.xcassets */ = {isa = PBXFileReference; lastKnownFileType = folder.assetcatalog; path = Assets.xcassets; sourceTree = "<group>"; };
		C0FBCA6D2001288C0098633F /* Base */ = {isa = PBXFileReference; lastKnownFileType = file.storyboard; name = Base; path = Base.lproj/LaunchScreen.storyboard; sourceTree = "<group>"; };
		EA0219D4F81438D9F9135D69 /* Pods-SteemitAppWidget.debug.xcconfig */ = {isa = PBXFileReference; includeInIndex = 1; lastKnownFileType = text.xcconfig; name = "Pods-SteemitAppWidget.debug.xcconfig"; path = "Pods/Target Support Files/Pods-SteemitAppWidget/Pods-SteemitAppWidget.debug.xcconfig"; sourceTree = "<group>"; };
		F6B15CA4796AE835B98F4CCF /* Pods-SteemitApp.release.xcconfig */ = {isa = PBXFileReference; includeInIndex = 1; lastKnownFileType = text.xcconfig; name = "Pods-SteemitApp.release.xcconfig"; path = "Pods/Target Support Files/Pods-SteemitApp/Pods-SteemitApp.release.xcconfig"; sourceTree = "<group>"; };
/* End PBXFileReference section */

/* Begin PBXFrameworksBuildPhase section */
		C048DE542031B13E0070C5D5 /* Frameworks */ = {
			isa = PBXFrameworksBuildPhase;
			buildActionMask = 2147483647;
			files = (
				D51D139E6E6D49F559E93863 /* Pods_SteemitAppTests.framework in Frameworks */,
			);
			runOnlyForDeploymentPostprocessing = 0;
		};
		C0F8BF1D20063807009C1585 /* Frameworks */ = {
			isa = PBXFrameworksBuildPhase;
			buildActionMask = 2147483647;
			files = (
				C0F8BF2220063807009C1585 /* NotificationCenter.framework in Frameworks */,
				8F0D2DA319ADFBAC93253D59 /* Pods_SteemitAppWidget.framework in Frameworks */,
			);
			runOnlyForDeploymentPostprocessing = 0;
		};
		C0FBCA5D2001288C0098633F /* Frameworks */ = {
			isa = PBXFrameworksBuildPhase;
			buildActionMask = 2147483647;
			files = (
				ABFFC2526324D20A127D4979 /* Pods_SteemitApp.framework in Frameworks */,
			);
			runOnlyForDeploymentPostprocessing = 0;
		};
/* End PBXFrameworksBuildPhase section */

/* Begin PBXGroup section */
		535C3CD53E73AA5FD8688EF3 /* Pods */ = {
			isa = PBXGroup;
			children = (
				27BF7076AEE3214DC3D50282 /* Pods-SteemitApp.debug.xcconfig */,
				F6B15CA4796AE835B98F4CCF /* Pods-SteemitApp.release.xcconfig */,
				EA0219D4F81438D9F9135D69 /* Pods-SteemitAppWidget.debug.xcconfig */,
				48F10E37E9A471DBBEE6AB16 /* Pods-SteemitAppWidget.release.xcconfig */,
				3BE005DEA10862922C2D2F66 /* Pods-SteemitAppTests.debug.xcconfig */,
				4BAC1CF9A2001BC21835FB2D /* Pods-SteemitAppTests.release.xcconfig */,
			);
			name = Pods;
			sourceTree = "<group>";
		};
		C048DE582031B13E0070C5D5 /* SteemitAppTests */ = {
			isa = PBXGroup;
			children = (
				C066E7032034E48D00B7AB05 /* ModelTests */,
				C066E6F12034D56200B7AB05 /* NetworkManagerTests */,
				C048DE5B2031B13E0070C5D5 /* Info.plist */,
			);
			path = SteemitAppTests;
			sourceTree = "<group>";
		};
		C062EF432003644A00B9C3D2 /* Manager */ = {
			isa = PBXGroup;
			children = (
				C062EF48200364A900B9C3D2 /* NetworkManager.swift */,
				C0F8BF172004FBFB009C1585 /* PopupManager.swift */,
			);
			path = Manager;
			sourceTree = "<group>";
		};
		C062EF442003645100B9C3D2 /* Controllers */ = {
			isa = PBXGroup;
			children = (
				C091EE392019DA310010209F /* Follower */,
				C091EE382019DA290010209F /* Home */,
				C0ADEB722020E8C90053C3BF /* Information */,
				C0ADEB7D2020F7C40053C3BF /* History */,
			);
			path = Controllers;
			sourceTree = "<group>";
		};
		C062EF452003645C00B9C3D2 /* Storyboards */ = {
			isa = PBXGroup;
			children = (
				C062EF4A200364B800B9C3D2 /* Home.storyboard */,
				C091EE362019DA120010209F /* Follower.storyboard */,
				C0ADEB702020E85B0053C3BF /* Information.storyboard */,
				C0ADEB7B2020F7B80053C3BF /* History.storyboard */,
			);
			path = Storyboards;
			sourceTree = "<group>";
		};
		C062EF4C200364D700B9C3D2 /* Base */ = {
			isa = PBXGroup;
			children = (
				C062EF4D200364EB00B9C3D2 /* BaseViewController.swift */,
				C0E56AE8202DA26600E0A249 /* BaseTabBarViewController.swift */,
				C0E56AE6202D9B7B00E0A249 /* BaseNavigationViewController.swift */,
				C062EF4F2003650F00B9C3D2 /* BaseNetwork.swift */,
			);
			path = Base;
			sourceTree = "<group>";
		};
		C062EF512003682600B9C3D2 /* Models */ = {
			isa = PBXGroup;
			children = (
				C062EF5220036ACF00B9C3D2 /* CoinModel.swift */,
				C062EF622003B6EE00B9C3D2 /* UserModel.swift */,
				C0ADEB782020EBDE0053C3BF /* OptionModel.swift */,
				C062EF5A2003A89100B9C3D2 /* UserGlobals.swift */,
				C073B17F2022F26E00598305 /* TagHistoryModel.swift */,
				C055BDBE2026049E002CFFDE /* PostHistoryModel.swift */,
			);
			path = Models;
			sourceTree = "<group>";
		};
		C062EF5420038FD400B9C3D2 /* Utils */ = {
			isa = PBXGroup;
			children = (
				C062EF5520038FE500B9C3D2 /* DateExtension.swift */,
				C062EF5E2003B10200B9C3D2 /* TextChanger.swift */,
				C0F8BF19200503B2009C1585 /* UIViewExtension.swift */,
				C0B899E02014A78B00A45554 /* UIColorExtension.swift */,
				C0B899EB2014D21600A45554 /* Helpers.swift */,
				C055BDC4202676A1002CFFDE /* DayValueXAxisFormatter.swift */,
				C0E56AEA202DA45100E0A249 /* UIImageExtension.swift */,
			);
			path = Utils;
			sourceTree = "<group>";
		};
		C062EF572003967100B9C3D2 /* Constants */ = {
			isa = PBXGroup;
			children = (
				C062EF582003968500B9C3D2 /* CoinTypes.swift */,
				C062EF5C2003B06600B9C3D2 /* CurrencyTypes.swift */,
			);
			path = Constants;
			sourceTree = "<group>";
		};
		C066E6F12034D56200B7AB05 /* NetworkManagerTests */ = {
			isa = PBXGroup;
			children = (
				C066E6F22034D57100B7AB05 /* MockNetworkDatas */,
				C048DE592031B13E0070C5D5 /* NetworkManagerTests.swift */,
			);
			path = NetworkManagerTests;
			sourceTree = "<group>";
		};
		C066E6F22034D57100B7AB05 /* MockNetworkDatas */ = {
			isa = PBXGroup;
			children = (
				C066E6F52034D6A200B7AB05 /* SteemitAccount.json */,
				C066E6F72034DC9700B7AB05 /* SteemitAccountFollowerAndFollowingCount.json */,
				C066E6FB2034DFC900B7AB05 /* SteemitAccountFollowingList.json */,
				C066E7012034E24700B7AB05 /* SteemitAccountPostsHistory.json */,
			);
			path = MockNetworkDatas;
			sourceTree = "<group>";
		};
		C066E7032034E48D00B7AB05 /* ModelTests */ = {
			isa = PBXGroup;
			children = (
				C066E7042034E4CA00B7AB05 /* ModelTests.swift */,
			);
			path = ModelTests;
			sourceTree = "<group>";
		};
		C07C623E202A21B0004A5378 /* Post History Content */ = {
			isa = PBXGroup;
			children = (
				C07C623C202A21AB004A5378 /* PostHistoryContentsViewController.swift */,
				C07C623F202A2900004A5378 /* PostHistoryContentsTableViewController.swift */,
				C00B710D202E45DE00219433 /* PostHistoryWebViewController.swift */,
			);
			path = "Post History Content";
			sourceTree = "<group>";
		};
		C091EE332019D85C0010209F /* Followers */ = {
			isa = PBXGroup;
			children = (
				C091EE342019D8710010209F /* FollowersViewController.swift */,
				C0420036201E04A700311654 /* FollowersViewControllerTableViewExtension.swift */,
			);
			path = Followers;
			sourceTree = "<group>";
		};
		C091EE382019DA290010209F /* Home */ = {
			isa = PBXGroup;
			children = (
				C0B899E22014C09500A45554 /* Search */,
				C0B899E32014C09D00A45554 /* Favorites */,
			);
			path = Home;
			sourceTree = "<group>";
		};
		C091EE392019DA310010209F /* Follower */ = {
			isa = PBXGroup;
			children = (
				C091EE332019D85C0010209F /* Followers */,
			);
			path = Follower;
			sourceTree = "<group>";
		};
		C0ADEB722020E8C90053C3BF /* Information */ = {
			isa = PBXGroup;
			children = (
				C062EF462003649500B9C3D2 /* InfoViewController.swift */,
			);
			path = Information;
			sourceTree = "<group>";
		};
		C0ADEB7D2020F7C40053C3BF /* History */ = {
			isa = PBXGroup;
			children = (
				C0ADEB7E2020F7F60053C3BF /* TagHistoryViewController.swift */,
				C055BDC1202608B5002CFFDE /* PostHistoryViewController.swift */,
				C07C623E202A21B0004A5378 /* Post History Content */,
			);
			path = History;
			sourceTree = "<group>";
		};
		C0B899E22014C09500A45554 /* Search */ = {
			isa = PBXGroup;
			children = (
				C062EF602003B31500B9C3D2 /* SearchViewController.swift */,
				C0ADEB732020E8E70053C3BF /* OptionsViewController.swift */,
				C0ADEB752020EA290053C3BF /* OptionsViewControllerTableViewExtension.swift */,
			);
			path = Search;
			sourceTree = "<group>";
		};
		C0B899E32014C09D00A45554 /* Favorites */ = {
			isa = PBXGroup;
			children = (
				C0B899DE2014A03800A45554 /* FavoriteUsersViewController.swift */,
				C0B899E42014C0CC00A45554 /* FavoriteUsersTableViewExtension.swift */,
			);
			path = Favorites;
			sourceTree = "<group>";
		};
		C0B899E62014C13300A45554 /* Custom Cells */ = {
			isa = PBXGroup;
			children = (
				C0B899E72014C15100A45554 /* FavoriteTableViewCell.swift */,
				C0B899E82014C15100A45554 /* FavoriteTableViewCell.xib */,
				C0420038201E0F2000311654 /* FollowerTableViewCell.swift */,
				C0420039201E0F2000311654 /* FollowerTableViewCell.xib */,
				C0656513202CC08C005F9089 /* PostContentTableViewCell.swift */,
				C0656514202CC08C005F9089 /* PostContentTableViewCell.xib */,
			);
			path = "Custom Cells";
			sourceTree = "<group>";
		};
		C0BD90412023A30F009B58E7 /* Custom Components */ = {
			isa = PBXGroup;
			children = (
				C0BD90422023A329009B58E7 /* ThoButton.swift */,
				C0CDD8EF2028730E004C8A28 /* ThoLabel.swift */,
			);
			path = "Custom Components";
			sourceTree = "<group>";
		};
		C0F8BF2320063807009C1585 /* SteemitAppWidget */ = {
			isa = PBXGroup;
			children = (
				C0F8BF3220063B11009C1585 /* SteemitAppWidget.entitlements */,
				C0F8BF2420063807009C1585 /* TodayViewController.swift */,
				C0B899ED2014D3F500A45554 /* TodayViewControllerTableViewExtension.swift */,
				C0B899F42014E5D900A45554 /* InfosTableViewCell.swift */,
				C0B899F22014D47700A45554 /* UserModel.swift */,
				C0F8BF2620063807009C1585 /* MainInterface.storyboard */,
				C0F8BF2920063807009C1585 /* Info.plist */,
			);
			path = SteemitAppWidget;
			sourceTree = "<group>";
		};
		C0FBCA572001288C0098633F = {
			isa = PBXGroup;
			children = (
				C0FBCA622001288C0098633F /* SteemitApp */,
				C0F8BF2320063807009C1585 /* SteemitAppWidget */,
				C048DE582031B13E0070C5D5 /* SteemitAppTests */,
				C0FBCA612001288C0098633F /* Products */,
				535C3CD53E73AA5FD8688EF3 /* Pods */,
				C62F8F808C49CB57FB8FE8A7 /* Frameworks */,
			);
			sourceTree = "<group>";
		};
		C0FBCA612001288C0098633F /* Products */ = {
			isa = PBXGroup;
			children = (
				C0FBCA602001288C0098633F /* SteemitApp.app */,
				C0F8BF2020063807009C1585 /* SteemitAppWidget.appex */,
				C048DE572031B13E0070C5D5 /* SteemitAppTests.xctest */,
			);
			name = Products;
			sourceTree = "<group>";
		};
		C0FBCA622001288C0098633F /* SteemitApp */ = {
			isa = PBXGroup;
			children = (
				C0F8BF3120063B00009C1585 /* SteemitApp.entitlements */,
				C062EF442003645100B9C3D2 /* Controllers */,
				C062EF432003644A00B9C3D2 /* Manager */,
				C062EF452003645C00B9C3D2 /* Storyboards */,
				C062EF572003967100B9C3D2 /* Constants */,
				C0B899E62014C13300A45554 /* Custom Cells */,
				C0BD90412023A30F009B58E7 /* Custom Components */,
				C062EF5420038FD400B9C3D2 /* Utils */,
				C062EF512003682600B9C3D2 /* Models */,
				C062EF4C200364D700B9C3D2 /* Base */,
				C0FBCA632001288C0098633F /* AppDelegate.swift */,
				C0FBCA6A2001288C0098633F /* Assets.xcassets */,
				C0FBCA6C2001288C0098633F /* LaunchScreen.storyboard */,
				C03D22C1203218A50077F1F5 /* GoogleService-Info.plist */,
				C03D22BF2032180A0077F1F5 /* Info.plist */,
			);
			path = SteemitApp;
			sourceTree = "<group>";
		};
		C62F8F808C49CB57FB8FE8A7 /* Frameworks */ = {
			isa = PBXGroup;
			children = (
				C0007AF82013A40700C533F7 /* Alamofire.framework */,
				5CEC947916BFFF1BA92135A0 /* Pods_SteemitApp.framework */,
				C0F8BF2120063807009C1585 /* NotificationCenter.framework */,
				852814DD7BACC71EFCEBA815 /* Pods_SteemitAppWidget.framework */,
				0ECEF90FB8D479C22D812E9F /* Pods_SteemitAppTests.framework */,
			);
			name = Frameworks;
			sourceTree = "<group>";
		};
/* End PBXGroup section */

/* Begin PBXNativeTarget section */
		C048DE562031B13E0070C5D5 /* SteemitAppTests */ = {
			isa = PBXNativeTarget;
			buildConfigurationList = C048DE602031B13E0070C5D5 /* Build configuration list for PBXNativeTarget "SteemitAppTests" */;
			buildPhases = (
				A66B98430C1604762A225624 /* [CP] Check Pods Manifest.lock */,
				C048DE532031B13E0070C5D5 /* Sources */,
				C048DE542031B13E0070C5D5 /* Frameworks */,
				C048DE552031B13E0070C5D5 /* Resources */,
				77FF0CEB8157FC791725BA9F /* [CP] Embed Pods Frameworks */,
				5486316FECB9A2559840935A /* [CP] Copy Pods Resources */,
			);
			buildRules = (
			);
			dependencies = (
				C048DE5D2031B13E0070C5D5 /* PBXTargetDependency */,
			);
			name = SteemitAppTests;
			productName = SteemitAppTests;
			productReference = C048DE572031B13E0070C5D5 /* SteemitAppTests.xctest */;
			productType = "com.apple.product-type.bundle.unit-test";
		};
		C0F8BF1F20063807009C1585 /* SteemitAppWidget */ = {
			isa = PBXNativeTarget;
			buildConfigurationList = C0F8BF2F20063807009C1585 /* Build configuration list for PBXNativeTarget "SteemitAppWidget" */;
			buildPhases = (
				1C8CD625887A1857E256834F /* [CP] Check Pods Manifest.lock */,
				C0F8BF1C20063807009C1585 /* Sources */,
				C0F8BF1D20063807009C1585 /* Frameworks */,
				C0F8BF1E20063807009C1585 /* Resources */,
				6E8E43B6C85149FC686A5BCB /* [CP] Copy Pods Resources */,
			);
			buildRules = (
			);
			dependencies = (
			);
			name = SteemitAppWidget;
			productName = SteemitAppWidget;
			productReference = C0F8BF2020063807009C1585 /* SteemitAppWidget.appex */;
			productType = "com.apple.product-type.app-extension";
		};
		C0FBCA5F2001288C0098633F /* SteemitApp */ = {
			isa = PBXNativeTarget;
			buildConfigurationList = C0FBCA722001288C0098633F /* Build configuration list for PBXNativeTarget "SteemitApp" */;
			buildPhases = (
				E2FAC0CF0EDA9230AFCA14D4 /* [CP] Check Pods Manifest.lock */,
				C0FBCA5C2001288C0098633F /* Sources */,
				C0FBCA5D2001288C0098633F /* Frameworks */,
				C0FBCA5E2001288C0098633F /* Resources */,
				97587D014DB74FC2AB11F668 /* [CP] Embed Pods Frameworks */,
				91B0B7B824DFF4B80EA85759 /* [CP] Copy Pods Resources */,
				C0F8BF3020063807009C1585 /* Embed App Extensions */,
			);
			buildRules = (
			);
			dependencies = (
				C0F8BF2B20063807009C1585 /* PBXTargetDependency */,
			);
			name = SteemitApp;
			productName = SteemitApp;
			productReference = C0FBCA602001288C0098633F /* SteemitApp.app */;
			productType = "com.apple.product-type.application";
		};
/* End PBXNativeTarget section */

/* Begin PBXProject section */
		C0FBCA582001288C0098633F /* Project object */ = {
			isa = PBXProject;
			attributes = {
				LastSwiftUpdateCheck = 0920;
				LastUpgradeCheck = 0920;
				ORGANIZATIONNAME = "Burak Tayfun";
				TargetAttributes = {
					C048DE562031B13E0070C5D5 = {
						CreatedOnToolsVersion = 9.2;
						ProvisioningStyle = Automatic;
						TestTargetID = C0FBCA5F2001288C0098633F;
					};
					C0F8BF1F20063807009C1585 = {
						CreatedOnToolsVersion = 9.2;
						ProvisioningStyle = Automatic;
						SystemCapabilities = {
							com.apple.ApplicationGroups.iOS = {
								enabled = 1;
							};
						};
					};
					C0FBCA5F2001288C0098633F = {
						CreatedOnToolsVersion = 9.2;
						ProvisioningStyle = Automatic;
						SystemCapabilities = {
							com.apple.ApplicationGroups.iOS = {
								enabled = 1;
							};
							com.apple.BackgroundModes = {
								enabled = 1;
							};
							com.apple.Push = {
								enabled = 1;
							};
						};
					};
				};
			};
			buildConfigurationList = C0FBCA5B2001288C0098633F /* Build configuration list for PBXProject "SteemitApp" */;
			compatibilityVersion = "Xcode 8.0";
			developmentRegion = en;
			hasScannedForEncodings = 0;
			knownRegions = (
				en,
				Base,
			);
			mainGroup = C0FBCA572001288C0098633F;
			productRefGroup = C0FBCA612001288C0098633F /* Products */;
			projectDirPath = "";
			projectRoot = "";
			targets = (
				C0FBCA5F2001288C0098633F /* SteemitApp */,
				C0F8BF1F20063807009C1585 /* SteemitAppWidget */,
				C048DE562031B13E0070C5D5 /* SteemitAppTests */,
			);
		};
/* End PBXProject section */

/* Begin PBXResourcesBuildPhase section */
		C048DE552031B13E0070C5D5 /* Resources */ = {
			isa = PBXResourcesBuildPhase;
			buildActionMask = 2147483647;
			files = (
				C066E6FC2034DFC900B7AB05 /* SteemitAccountFollowingList.json in Resources */,
				C066E6F62034D6A200B7AB05 /* SteemitAccount.json in Resources */,
				C066E6F82034DC9700B7AB05 /* SteemitAccountFollowerAndFollowingCount.json in Resources */,
				C066E7022034E24700B7AB05 /* SteemitAccountPostsHistory.json in Resources */,
			);
			runOnlyForDeploymentPostprocessing = 0;
		};
		C0F8BF1E20063807009C1585 /* Resources */ = {
			isa = PBXResourcesBuildPhase;
			buildActionMask = 2147483647;
			files = (
				C0F8BF2820063807009C1585 /* MainInterface.storyboard in Resources */,
			);
			runOnlyForDeploymentPostprocessing = 0;
		};
		C0FBCA5E2001288C0098633F /* Resources */ = {
			isa = PBXResourcesBuildPhase;
			buildActionMask = 2147483647;
			files = (
				C062EF4B200364B800B9C3D2 /* Home.storyboard in Resources */,
				C0ADEB7C2020F7B80053C3BF /* History.storyboard in Resources */,
				C0B899EA2014C15100A45554 /* FavoriteTableViewCell.xib in Resources */,
				C0656516202CC08C005F9089 /* PostContentTableViewCell.xib in Resources */,
				C091EE372019DA120010209F /* Follower.storyboard in Resources */,
				C0ADEB712020E85B0053C3BF /* Information.storyboard in Resources */,
				C042003B201E0F2000311654 /* FollowerTableViewCell.xib in Resources */,
				C03D22C02032180B0077F1F5 /* Info.plist in Resources */,
				C03D22C2203218A50077F1F5 /* GoogleService-Info.plist in Resources */,
				C0FBCA6E2001288C0098633F /* LaunchScreen.storyboard in Resources */,
				C0FBCA6B2001288C0098633F /* Assets.xcassets in Resources */,
			);
			runOnlyForDeploymentPostprocessing = 0;
		};
/* End PBXResourcesBuildPhase section */

/* Begin PBXShellScriptBuildPhase section */
		1C8CD625887A1857E256834F /* [CP] Check Pods Manifest.lock */ = {
			isa = PBXShellScriptBuildPhase;
			buildActionMask = 2147483647;
			files = (
			);
			inputPaths = (
				"${PODS_PODFILE_DIR_PATH}/Podfile.lock",
				"${PODS_ROOT}/Manifest.lock",
			);
			name = "[CP] Check Pods Manifest.lock";
			outputPaths = (
				"$(DERIVED_FILE_DIR)/Pods-SteemitAppWidget-checkManifestLockResult.txt",
			);
			runOnlyForDeploymentPostprocessing = 0;
			shellPath = /bin/sh;
			shellScript = "diff \"${PODS_PODFILE_DIR_PATH}/Podfile.lock\" \"${PODS_ROOT}/Manifest.lock\" > /dev/null\nif [ $? != 0 ] ; then\n    # print error to STDERR\n    echo \"error: The sandbox is not in sync with the Podfile.lock. Run 'pod install' or update your CocoaPods installation.\" >&2\n    exit 1\nfi\n# This output is used by Xcode 'outputs' to avoid re-running this script phase.\necho \"SUCCESS\" > \"${SCRIPT_OUTPUT_FILE_0}\"\n";
			showEnvVarsInLog = 0;
		};
		5486316FECB9A2559840935A /* [CP] Copy Pods Resources */ = {
			isa = PBXShellScriptBuildPhase;
			buildActionMask = 2147483647;
			files = (
			);
			inputPaths = (
			);
			name = "[CP] Copy Pods Resources";
			outputPaths = (
			);
			runOnlyForDeploymentPostprocessing = 0;
			shellPath = /bin/sh;
			shellScript = "\"${SRCROOT}/Pods/Target Support Files/Pods-SteemitAppTests/Pods-SteemitAppTests-resources.sh\"\n";
			showEnvVarsInLog = 0;
		};
		6E8E43B6C85149FC686A5BCB /* [CP] Copy Pods Resources */ = {
			isa = PBXShellScriptBuildPhase;
			buildActionMask = 2147483647;
			files = (
			);
			inputPaths = (
			);
			name = "[CP] Copy Pods Resources";
			outputPaths = (
			);
			runOnlyForDeploymentPostprocessing = 0;
			shellPath = /bin/sh;
			shellScript = "\"${SRCROOT}/Pods/Target Support Files/Pods-SteemitAppWidget/Pods-SteemitAppWidget-resources.sh\"\n";
			showEnvVarsInLog = 0;
		};
		77FF0CEB8157FC791725BA9F /* [CP] Embed Pods Frameworks */ = {
			isa = PBXShellScriptBuildPhase;
			buildActionMask = 2147483647;
			files = (
			);
			inputPaths = (
				"${SRCROOT}/Pods/Target Support Files/Pods-SteemitAppTests/Pods-SteemitAppTests-frameworks.sh",
				"${BUILT_PRODUCTS_DIR}/GoogleToolboxForMac-Defines-NSData+zlib/GoogleToolboxForMac.framework",
				"${BUILT_PRODUCTS_DIR}/nanopb-iOS11.2/nanopb.framework",
				"${BUILT_PRODUCTS_DIR}/OHHTTPStubs/OHHTTPStubs.framework",
			);
			name = "[CP] Embed Pods Frameworks";
			outputPaths = (
				"${TARGET_BUILD_DIR}/${FRAMEWORKS_FOLDER_PATH}/GoogleToolboxForMac.framework",
				"${TARGET_BUILD_DIR}/${FRAMEWORKS_FOLDER_PATH}/nanopb.framework",
				"${TARGET_BUILD_DIR}/${FRAMEWORKS_FOLDER_PATH}/OHHTTPStubs.framework",
			);
			runOnlyForDeploymentPostprocessing = 0;
			shellPath = /bin/sh;
			shellScript = "\"${SRCROOT}/Pods/Target Support Files/Pods-SteemitAppTests/Pods-SteemitAppTests-frameworks.sh\"\n";
			showEnvVarsInLog = 0;
		};
		91B0B7B824DFF4B80EA85759 /* [CP] Copy Pods Resources */ = {
			isa = PBXShellScriptBuildPhase;
			buildActionMask = 2147483647;
			files = (
			);
			inputPaths = (
				"${SRCROOT}/Pods/Target Support Files/Pods-SteemitApp/Pods-SteemitApp-resources.sh",
				"${PODS_CONFIGURATION_BUILD_DIR}/HockeySDK/HockeySDKResources.bundle",
			);
			name = "[CP] Copy Pods Resources";
			outputPaths = (
				"${TARGET_BUILD_DIR}/${UNLOCALIZED_RESOURCES_FOLDER_PATH}/HockeySDKResources.bundle",
			);
			runOnlyForDeploymentPostprocessing = 0;
			shellPath = /bin/sh;
			shellScript = "\"${SRCROOT}/Pods/Target Support Files/Pods-SteemitApp/Pods-SteemitApp-resources.sh\"\n";
			showEnvVarsInLog = 0;
		};
		97587D014DB74FC2AB11F668 /* [CP] Embed Pods Frameworks */ = {
			isa = PBXShellScriptBuildPhase;
			buildActionMask = 2147483647;
			files = (
			);
			inputPaths = (
				"${SRCROOT}/Pods/Target Support Files/Pods-SteemitApp/Pods-SteemitApp-frameworks.sh",
				"${BUILT_PRODUCTS_DIR}/Alamofire/Alamofire.framework",
				"${BUILT_PRODUCTS_DIR}/Charts/Charts.framework",
				"${BUILT_PRODUCTS_DIR}/DateToolsSwift/DateToolsSwift.framework",
				"${BUILT_PRODUCTS_DIR}/GoogleToolboxForMac-Defines-Logger-NSData+zlib/GoogleToolboxForMac.framework",
				"${BUILT_PRODUCTS_DIR}/MBProgressHUD/MBProgressHUD.framework",
				"${BUILT_PRODUCTS_DIR}/ObjectMapper/ObjectMapper.framework",
				"${BUILT_PRODUCTS_DIR}/Protobuf/Protobuf.framework",
				"${BUILT_PRODUCTS_DIR}/SDWebImage/SDWebImage.framework",
				"${BUILT_PRODUCTS_DIR}/nanopb-iOS9.0/nanopb.framework",
			);
			name = "[CP] Embed Pods Frameworks";
			outputPaths = (
				"${TARGET_BUILD_DIR}/${FRAMEWORKS_FOLDER_PATH}/Alamofire.framework",
				"${TARGET_BUILD_DIR}/${FRAMEWORKS_FOLDER_PATH}/Charts.framework",
				"${TARGET_BUILD_DIR}/${FRAMEWORKS_FOLDER_PATH}/DateToolsSwift.framework",
				"${TARGET_BUILD_DIR}/${FRAMEWORKS_FOLDER_PATH}/GoogleToolboxForMac.framework",
				"${TARGET_BUILD_DIR}/${FRAMEWORKS_FOLDER_PATH}/MBProgressHUD.framework",
				"${TARGET_BUILD_DIR}/${FRAMEWORKS_FOLDER_PATH}/ObjectMapper.framework",
				"${TARGET_BUILD_DIR}/${FRAMEWORKS_FOLDER_PATH}/Protobuf.framework",
				"${TARGET_BUILD_DIR}/${FRAMEWORKS_FOLDER_PATH}/SDWebImage.framework",
				"${TARGET_BUILD_DIR}/${FRAMEWORKS_FOLDER_PATH}/nanopb.framework",
			);
			runOnlyForDeploymentPostprocessing = 0;
			shellPath = /bin/sh;
			shellScript = "\"${SRCROOT}/Pods/Target Support Files/Pods-SteemitApp/Pods-SteemitApp-frameworks.sh\"\n";
			showEnvVarsInLog = 0;
		};
		A66B98430C1604762A225624 /* [CP] Check Pods Manifest.lock */ = {
			isa = PBXShellScriptBuildPhase;
			buildActionMask = 2147483647;
			files = (
			);
			inputPaths = (
				"${PODS_PODFILE_DIR_PATH}/Podfile.lock",
				"${PODS_ROOT}/Manifest.lock",
			);
			name = "[CP] Check Pods Manifest.lock";
			outputPaths = (
				"$(DERIVED_FILE_DIR)/Pods-SteemitAppTests-checkManifestLockResult.txt",
			);
			runOnlyForDeploymentPostprocessing = 0;
			shellPath = /bin/sh;
			shellScript = "diff \"${PODS_PODFILE_DIR_PATH}/Podfile.lock\" \"${PODS_ROOT}/Manifest.lock\" > /dev/null\nif [ $? != 0 ] ; then\n    # print error to STDERR\n    echo \"error: The sandbox is not in sync with the Podfile.lock. Run 'pod install' or update your CocoaPods installation.\" >&2\n    exit 1\nfi\n# This output is used by Xcode 'outputs' to avoid re-running this script phase.\necho \"SUCCESS\" > \"${SCRIPT_OUTPUT_FILE_0}\"\n";
			showEnvVarsInLog = 0;
		};
		E2FAC0CF0EDA9230AFCA14D4 /* [CP] Check Pods Manifest.lock */ = {
			isa = PBXShellScriptBuildPhase;
			buildActionMask = 2147483647;
			files = (
			);
			inputPaths = (
				"${PODS_PODFILE_DIR_PATH}/Podfile.lock",
				"${PODS_ROOT}/Manifest.lock",
			);
			name = "[CP] Check Pods Manifest.lock";
			outputPaths = (
				"$(DERIVED_FILE_DIR)/Pods-SteemitApp-checkManifestLockResult.txt",
			);
			runOnlyForDeploymentPostprocessing = 0;
			shellPath = /bin/sh;
			shellScript = "diff \"${PODS_PODFILE_DIR_PATH}/Podfile.lock\" \"${PODS_ROOT}/Manifest.lock\" > /dev/null\nif [ $? != 0 ] ; then\n    # print error to STDERR\n    echo \"error: The sandbox is not in sync with the Podfile.lock. Run 'pod install' or update your CocoaPods installation.\" >&2\n    exit 1\nfi\n# This output is used by Xcode 'outputs' to avoid re-running this script phase.\necho \"SUCCESS\" > \"${SCRIPT_OUTPUT_FILE_0}\"\n";
			showEnvVarsInLog = 0;
		};
/* End PBXShellScriptBuildPhase section */

/* Begin PBXSourcesBuildPhase section */
		C048DE532031B13E0070C5D5 /* Sources */ = {
			isa = PBXSourcesBuildPhase;
			buildActionMask = 2147483647;
			files = (
				C048DE5A2031B13E0070C5D5 /* NetworkManagerTests.swift in Sources */,
				C066E7052034E4CA00B7AB05 /* ModelTests.swift in Sources */,
			);
			runOnlyForDeploymentPostprocessing = 0;
		};
		C0F8BF1C20063807009C1585 /* Sources */ = {
			isa = PBXSourcesBuildPhase;
			buildActionMask = 2147483647;
			files = (
				C0B899EE2014D3F500A45554 /* TodayViewControllerTableViewExtension.swift in Sources */,
				C0B899F52014E5D900A45554 /* InfosTableViewCell.swift in Sources */,
				C0B899F32014D47700A45554 /* UserModel.swift in Sources */,
				C0F8BF2520063807009C1585 /* TodayViewController.swift in Sources */,
			);
			runOnlyForDeploymentPostprocessing = 0;
		};
		C0FBCA5C2001288C0098633F /* Sources */ = {
			isa = PBXSourcesBuildPhase;
			buildActionMask = 2147483647;
			files = (
				C0B899E12014A78B00A45554 /* UIColorExtension.swift in Sources */,
				C0ADEB762020EA290053C3BF /* OptionsViewControllerTableViewExtension.swift in Sources */,
				C0CDD8F02028730E004C8A28 /* ThoLabel.swift in Sources */,
				C055BDBF2026049E002CFFDE /* PostHistoryModel.swift in Sources */,
				C0F8BF1A200503B2009C1585 /* UIViewExtension.swift in Sources */,
				C055BDC2202608B5002CFFDE /* PostHistoryViewController.swift in Sources */,
				C062EF592003968500B9C3D2 /* CoinTypes.swift in Sources */,
				C0B899EC2014D21600A45554 /* Helpers.swift in Sources */,
				C073B1802022F26E00598305 /* TagHistoryModel.swift in Sources */,
				C07C623D202A21AB004A5378 /* PostHistoryContentsViewController.swift in Sources */,
				C0B899E92014C15100A45554 /* FavoriteTableViewCell.swift in Sources */,
				C0ADEB792020EBDE0053C3BF /* OptionModel.swift in Sources */,
				C062EF49200364A900B9C3D2 /* NetworkManager.swift in Sources */,
				C0656515202CC08C005F9089 /* PostContentTableViewCell.swift in Sources */,
				C062EF4E200364EB00B9C3D2 /* BaseViewController.swift in Sources */,
				C062EF5F2003B10200B9C3D2 /* TextChanger.swift in Sources */,
				C0420037201E04A700311654 /* FollowersViewControllerTableViewExtension.swift in Sources */,
				C0ADEB7F2020F7F60053C3BF /* TagHistoryViewController.swift in Sources */,
				C062EF5620038FE500B9C3D2 /* DateExtension.swift in Sources */,
				C0ADEB742020E8E70053C3BF /* OptionsViewController.swift in Sources */,
				C091EE352019D8710010209F /* FollowersViewController.swift in Sources */,
				C062EF632003B6EE00B9C3D2 /* UserModel.swift in Sources */,
				C0E56AE7202D9B7B00E0A249 /* BaseNavigationViewController.swift in Sources */,
				C055BDC5202676A1002CFFDE /* DayValueXAxisFormatter.swift in Sources */,
				C0B899DF2014A03800A45554 /* FavoriteUsersViewController.swift in Sources */,
				C0FBCA642001288C0098633F /* AppDelegate.swift in Sources */,
				C062EF612003B31500B9C3D2 /* SearchViewController.swift in Sources */,
				C0E56AE9202DA26600E0A249 /* BaseTabBarViewController.swift in Sources */,
				C0F8BF182004FBFB009C1585 /* PopupManager.swift in Sources */,
				C062EF472003649500B9C3D2 /* InfoViewController.swift in Sources */,
				C0BD90432023A329009B58E7 /* ThoButton.swift in Sources */,
				C062EF5D2003B06600B9C3D2 /* CurrencyTypes.swift in Sources */,
				C042003A201E0F2000311654 /* FollowerTableViewCell.swift in Sources */,
				C0B899E52014C0CC00A45554 /* FavoriteUsersTableViewExtension.swift in Sources */,
				C00B710E202E45DE00219433 /* PostHistoryWebViewController.swift in Sources */,
				C062EF5320036ACF00B9C3D2 /* CoinModel.swift in Sources */,
				C0E56AEB202DA45100E0A249 /* UIImageExtension.swift in Sources */,
				C062EF5B2003A89100B9C3D2 /* UserGlobals.swift in Sources */,
				C062EF502003650F00B9C3D2 /* BaseNetwork.swift in Sources */,
				C07C6240202A2900004A5378 /* PostHistoryContentsTableViewController.swift in Sources */,
			);
			runOnlyForDeploymentPostprocessing = 0;
		};
/* End PBXSourcesBuildPhase section */

/* Begin PBXTargetDependency section */
		C048DE5D2031B13E0070C5D5 /* PBXTargetDependency */ = {
			isa = PBXTargetDependency;
			target = C0FBCA5F2001288C0098633F /* SteemitApp */;
			targetProxy = C048DE5C2031B13E0070C5D5 /* PBXContainerItemProxy */;
		};
		C0F8BF2B20063807009C1585 /* PBXTargetDependency */ = {
			isa = PBXTargetDependency;
			target = C0F8BF1F20063807009C1585 /* SteemitAppWidget */;
			targetProxy = C0F8BF2A20063807009C1585 /* PBXContainerItemProxy */;
		};
/* End PBXTargetDependency section */

/* Begin PBXVariantGroup section */
		C0F8BF2620063807009C1585 /* MainInterface.storyboard */ = {
			isa = PBXVariantGroup;
			children = (
				C0F8BF2720063807009C1585 /* Base */,
			);
			name = MainInterface.storyboard;
			sourceTree = "<group>";
		};
		C0FBCA6C2001288C0098633F /* LaunchScreen.storyboard */ = {
			isa = PBXVariantGroup;
			children = (
				C0FBCA6D2001288C0098633F /* Base */,
			);
			name = LaunchScreen.storyboard;
			sourceTree = "<group>";
		};
/* End PBXVariantGroup section */

/* Begin XCBuildConfiguration section */
		C048DE5E2031B13E0070C5D5 /* Debug */ = {
			isa = XCBuildConfiguration;
			baseConfigurationReference = 3BE005DEA10862922C2D2F66 /* Pods-SteemitAppTests.debug.xcconfig */;
			buildSettings = {
				BUNDLE_LOADER = "$(TEST_HOST)";
				CODE_SIGN_STYLE = Automatic;
				DEVELOPMENT_TEAM = 3B86NRAU7G;
				INFOPLIST_FILE = SteemitAppTests/Info.plist;
				LD_RUNPATH_SEARCH_PATHS = "$(inherited) @executable_path/Frameworks @loader_path/Frameworks";
				PRODUCT_BUNDLE_IDENTIFIER = com.thornaci.SteemitAppTests;
				PRODUCT_NAME = "$(TARGET_NAME)";
				SWIFT_VERSION = 4.0;
				TARGETED_DEVICE_FAMILY = "1,2";
				TEST_HOST = "$(BUILT_PRODUCTS_DIR)/SteemitApp.app/SteemitApp";
			};
			name = Debug;
		};
		C048DE5F2031B13E0070C5D5 /* Release */ = {
			isa = XCBuildConfiguration;
			baseConfigurationReference = 4BAC1CF9A2001BC21835FB2D /* Pods-SteemitAppTests.release.xcconfig */;
			buildSettings = {
				BUNDLE_LOADER = "$(TEST_HOST)";
				CODE_SIGN_STYLE = Automatic;
				DEVELOPMENT_TEAM = 3B86NRAU7G;
				INFOPLIST_FILE = SteemitAppTests/Info.plist;
				LD_RUNPATH_SEARCH_PATHS = "$(inherited) @executable_path/Frameworks @loader_path/Frameworks";
				PRODUCT_BUNDLE_IDENTIFIER = com.thornaci.SteemitAppTests;
				PRODUCT_NAME = "$(TARGET_NAME)";
				SWIFT_VERSION = 4.0;
				TARGETED_DEVICE_FAMILY = "1,2";
				TEST_HOST = "$(BUILT_PRODUCTS_DIR)/SteemitApp.app/SteemitApp";
			};
			name = Release;
		};
		C0F8BF2D20063807009C1585 /* Debug */ = {
			isa = XCBuildConfiguration;
			baseConfigurationReference = EA0219D4F81438D9F9135D69 /* Pods-SteemitAppWidget.debug.xcconfig */;
			buildSettings = {
				CODE_SIGN_ENTITLEMENTS = SteemitAppWidget/SteemitAppWidget.entitlements;
				CODE_SIGN_STYLE = Automatic;
				DEVELOPMENT_TEAM = 3B86NRAU7G;
				INFOPLIST_FILE = SteemitAppWidget/Info.plist;
				LD_RUNPATH_SEARCH_PATHS = "$(inherited) @executable_path/Frameworks @executable_path/../../Frameworks";
				PRODUCT_BUNDLE_IDENTIFIER = com.thornaci.SteemitApp.SteemitAppWidget;
				PRODUCT_NAME = "$(TARGET_NAME)";
				SKIP_INSTALL = YES;
				SWIFT_VERSION = 4.0;
				TARGETED_DEVICE_FAMILY = "1,2";
			};
			name = Debug;
		};
		C0F8BF2E20063807009C1585 /* Release */ = {
			isa = XCBuildConfiguration;
			baseConfigurationReference = 48F10E37E9A471DBBEE6AB16 /* Pods-SteemitAppWidget.release.xcconfig */;
			buildSettings = {
				CODE_SIGN_ENTITLEMENTS = SteemitAppWidget/SteemitAppWidget.entitlements;
				CODE_SIGN_STYLE = Automatic;
				DEVELOPMENT_TEAM = 3B86NRAU7G;
				INFOPLIST_FILE = SteemitAppWidget/Info.plist;
				LD_RUNPATH_SEARCH_PATHS = "$(inherited) @executable_path/Frameworks @executable_path/../../Frameworks";
				PRODUCT_BUNDLE_IDENTIFIER = com.thornaci.SteemitApp.SteemitAppWidget;
				PRODUCT_NAME = "$(TARGET_NAME)";
				SKIP_INSTALL = YES;
				SWIFT_VERSION = 4.0;
				TARGETED_DEVICE_FAMILY = "1,2";
			};
			name = Release;
		};
		C0FBCA702001288C0098633F /* Debug */ = {
			isa = XCBuildConfiguration;
			buildSettings = {
				ALWAYS_SEARCH_USER_PATHS = NO;
				CLANG_ANALYZER_NONNULL = YES;
				CLANG_ANALYZER_NUMBER_OBJECT_CONVERSION = YES_AGGRESSIVE;
				CLANG_CXX_LANGUAGE_STANDARD = "gnu++14";
				CLANG_CXX_LIBRARY = "libc++";
				CLANG_ENABLE_MODULES = YES;
				CLANG_ENABLE_OBJC_ARC = YES;
				CLANG_WARN_BLOCK_CAPTURE_AUTORELEASING = YES;
				CLANG_WARN_BOOL_CONVERSION = YES;
				CLANG_WARN_COMMA = YES;
				CLANG_WARN_CONSTANT_CONVERSION = YES;
				CLANG_WARN_DIRECT_OBJC_ISA_USAGE = YES_ERROR;
				CLANG_WARN_DOCUMENTATION_COMMENTS = YES;
				CLANG_WARN_EMPTY_BODY = YES;
				CLANG_WARN_ENUM_CONVERSION = YES;
				CLANG_WARN_INFINITE_RECURSION = YES;
				CLANG_WARN_INT_CONVERSION = YES;
				CLANG_WARN_NON_LITERAL_NULL_CONVERSION = YES;
				CLANG_WARN_OBJC_LITERAL_CONVERSION = YES;
				CLANG_WARN_OBJC_ROOT_CLASS = YES_ERROR;
				CLANG_WARN_RANGE_LOOP_ANALYSIS = YES;
				CLANG_WARN_STRICT_PROTOTYPES = YES;
				CLANG_WARN_SUSPICIOUS_MOVE = YES;
				CLANG_WARN_UNGUARDED_AVAILABILITY = YES_AGGRESSIVE;
				CLANG_WARN_UNREACHABLE_CODE = YES;
				CLANG_WARN__DUPLICATE_METHOD_MATCH = YES;
				CODE_SIGN_IDENTITY = "iPhone Developer";
				COPY_PHASE_STRIP = NO;
				DEBUG_INFORMATION_FORMAT = dwarf;
				ENABLE_STRICT_OBJC_MSGSEND = YES;
				ENABLE_TESTABILITY = YES;
				GCC_C_LANGUAGE_STANDARD = gnu11;
				GCC_DYNAMIC_NO_PIC = NO;
				GCC_NO_COMMON_BLOCKS = YES;
				GCC_OPTIMIZATION_LEVEL = 0;
				GCC_PREPROCESSOR_DEFINITIONS = (
					"DEBUG=1",
					"$(inherited)",
				);
				GCC_WARN_64_TO_32_BIT_CONVERSION = YES;
				GCC_WARN_ABOUT_RETURN_TYPE = YES_ERROR;
				GCC_WARN_UNDECLARED_SELECTOR = YES;
				GCC_WARN_UNINITIALIZED_AUTOS = YES_AGGRESSIVE;
				GCC_WARN_UNUSED_FUNCTION = YES;
				GCC_WARN_UNUSED_VARIABLE = YES;
				IPHONEOS_DEPLOYMENT_TARGET = 11.2;
				MTL_ENABLE_DEBUG_INFO = YES;
				ONLY_ACTIVE_ARCH = YES;
				SDKROOT = iphoneos;
				SWIFT_ACTIVE_COMPILATION_CONDITIONS = DEBUG;
				SWIFT_OPTIMIZATION_LEVEL = "-Onone";
			};
			name = Debug;
		};
		C0FBCA712001288C0098633F /* Release */ = {
			isa = XCBuildConfiguration;
			buildSettings = {
				ALWAYS_SEARCH_USER_PATHS = NO;
				CLANG_ANALYZER_NONNULL = YES;
				CLANG_ANALYZER_NUMBER_OBJECT_CONVERSION = YES_AGGRESSIVE;
				CLANG_CXX_LANGUAGE_STANDARD = "gnu++14";
				CLANG_CXX_LIBRARY = "libc++";
				CLANG_ENABLE_MODULES = YES;
				CLANG_ENABLE_OBJC_ARC = YES;
				CLANG_WARN_BLOCK_CAPTURE_AUTORELEASING = YES;
				CLANG_WARN_BOOL_CONVERSION = YES;
				CLANG_WARN_COMMA = YES;
				CLANG_WARN_CONSTANT_CONVERSION = YES;
				CLANG_WARN_DIRECT_OBJC_ISA_USAGE = YES_ERROR;
				CLANG_WARN_DOCUMENTATION_COMMENTS = YES;
				CLANG_WARN_EMPTY_BODY = YES;
				CLANG_WARN_ENUM_CONVERSION = YES;
				CLANG_WARN_INFINITE_RECURSION = YES;
				CLANG_WARN_INT_CONVERSION = YES;
				CLANG_WARN_NON_LITERAL_NULL_CONVERSION = YES;
				CLANG_WARN_OBJC_LITERAL_CONVERSION = YES;
				CLANG_WARN_OBJC_ROOT_CLASS = YES_ERROR;
				CLANG_WARN_RANGE_LOOP_ANALYSIS = YES;
				CLANG_WARN_STRICT_PROTOTYPES = YES;
				CLANG_WARN_SUSPICIOUS_MOVE = YES;
				CLANG_WARN_UNGUARDED_AVAILABILITY = YES_AGGRESSIVE;
				CLANG_WARN_UNREACHABLE_CODE = YES;
				CLANG_WARN__DUPLICATE_METHOD_MATCH = YES;
				CODE_SIGN_IDENTITY = "iPhone Developer";
				COPY_PHASE_STRIP = NO;
				DEBUG_INFORMATION_FORMAT = "dwarf-with-dsym";
				ENABLE_NS_ASSERTIONS = NO;
				ENABLE_STRICT_OBJC_MSGSEND = YES;
				GCC_C_LANGUAGE_STANDARD = gnu11;
				GCC_NO_COMMON_BLOCKS = YES;
				GCC_WARN_64_TO_32_BIT_CONVERSION = YES;
				GCC_WARN_ABOUT_RETURN_TYPE = YES_ERROR;
				GCC_WARN_UNDECLARED_SELECTOR = YES;
				GCC_WARN_UNINITIALIZED_AUTOS = YES_AGGRESSIVE;
				GCC_WARN_UNUSED_FUNCTION = YES;
				GCC_WARN_UNUSED_VARIABLE = YES;
				IPHONEOS_DEPLOYMENT_TARGET = 11.2;
				MTL_ENABLE_DEBUG_INFO = NO;
				SDKROOT = iphoneos;
				SWIFT_OPTIMIZATION_LEVEL = "-Owholemodule";
				VALIDATE_PRODUCT = YES;
			};
			name = Release;
		};
		C0FBCA732001288C0098633F /* Debug */ = {
			isa = XCBuildConfiguration;
			baseConfigurationReference = 27BF7076AEE3214DC3D50282 /* Pods-SteemitApp.debug.xcconfig */;
			buildSettings = {
				ALWAYS_EMBED_SWIFT_STANDARD_LIBRARIES = YES;
				ASSETCATALOG_COMPILER_APPICON_NAME = AppIcon;
				CODE_SIGN_ENTITLEMENTS = SteemitApp/SteemitApp.entitlements;
				CODE_SIGN_STYLE = Automatic;
				DEVELOPMENT_TEAM = 3B86NRAU7G;
				INFOPLIST_FILE = SteemitApp/Info.plist;
				IPHONEOS_DEPLOYMENT_TARGET = 9.0;
				LD_RUNPATH_SEARCH_PATHS = "$(inherited) @executable_path/Frameworks";
				PRODUCT_BUNDLE_IDENTIFIER = com.thornaci.SteemitApp;
				PRODUCT_NAME = "$(TARGET_NAME)";
				SWIFT_VERSION = 4.0;
				TARGETED_DEVICE_FAMILY = "1,2";
			};
			name = Debug;
		};
		C0FBCA742001288C0098633F /* Release */ = {
			isa = XCBuildConfiguration;
			baseConfigurationReference = F6B15CA4796AE835B98F4CCF /* Pods-SteemitApp.release.xcconfig */;
			buildSettings = {
				ALWAYS_EMBED_SWIFT_STANDARD_LIBRARIES = YES;
				ASSETCATALOG_COMPILER_APPICON_NAME = AppIcon;
				CODE_SIGN_ENTITLEMENTS = SteemitApp/SteemitApp.entitlements;
				CODE_SIGN_STYLE = Automatic;
				DEVELOPMENT_TEAM = 3B86NRAU7G;
				INFOPLIST_FILE = SteemitApp/Info.plist;
				IPHONEOS_DEPLOYMENT_TARGET = 9.0;
				LD_RUNPATH_SEARCH_PATHS = "$(inherited) @executable_path/Frameworks";
				PRODUCT_BUNDLE_IDENTIFIER = com.thornaci.SteemitApp;
				PRODUCT_NAME = "$(TARGET_NAME)";
				SWIFT_VERSION = 4.0;
				TARGETED_DEVICE_FAMILY = "1,2";
			};
			name = Release;
		};
/* End XCBuildConfiguration section */

/* Begin XCConfigurationList section */
		C048DE602031B13E0070C5D5 /* Build configuration list for PBXNativeTarget "SteemitAppTests" */ = {
			isa = XCConfigurationList;
			buildConfigurations = (
				C048DE5E2031B13E0070C5D5 /* Debug */,
				C048DE5F2031B13E0070C5D5 /* Release */,
			);
			defaultConfigurationIsVisible = 0;
			defaultConfigurationName = Release;
		};
		C0F8BF2F20063807009C1585 /* Build configuration list for PBXNativeTarget "SteemitAppWidget" */ = {
			isa = XCConfigurationList;
			buildConfigurations = (
				C0F8BF2D20063807009C1585 /* Debug */,
				C0F8BF2E20063807009C1585 /* Release */,
			);
			defaultConfigurationIsVisible = 0;
			defaultConfigurationName = Release;
		};
		C0FBCA5B2001288C0098633F /* Build configuration list for PBXProject "SteemitApp" */ = {
			isa = XCConfigurationList;
			buildConfigurations = (
				C0FBCA702001288C0098633F /* Debug */,
				C0FBCA712001288C0098633F /* Release */,
			);
			defaultConfigurationIsVisible = 0;
			defaultConfigurationName = Release;
		};
		C0FBCA722001288C0098633F /* Build configuration list for PBXNativeTarget "SteemitApp" */ = {
			isa = XCConfigurationList;
			buildConfigurations = (
				C0FBCA732001288C0098633F /* Debug */,
				C0FBCA742001288C0098633F /* Release */,
			);
			defaultConfigurationIsVisible = 0;
			defaultConfigurationName = Release;
		};
/* End XCConfigurationList section */
	};
	rootObject = C0FBCA582001288C0098633F /* Project object */;
}
